
Microsoft Visual Studio Solution File, Format Version 12.00
# Visual Studio Version 17
VisualStudioVersion = 17.5.33627.172
MinimumVisualStudioVersion = 10.0.40219.1
Project("{9A19103F-16F7-4668-BE54-9A1E7A4F7556}") = "Properties.Ms.Api", "Properties.Ms.Api\Properties.Ms.Api.csproj", "{EE8307D4-58B9-4F9E-B4FD-6CE020FAAAF1}"
EndProject
Project("{9A19103F-16F7-4668-BE54-9A1E7A4F7556}") = "Properties.Ms.Domain", "Properties.Ms.Domain\Properties.Ms.Domain.csproj", "{221A0D70-9520-4550-87C3-9D7D18BC9465}"
EndProject
Project("{9A19103F-16F7-4668-BE54-9A1E7A4F7556}") = "Properties.Ms.AdapterInHttp", "Properties.Ms.AdapterInHttp\Properties.Ms.AdapterInHttp.csproj", "{0D26485F-5FEE-4EA6-A5AF-0E438C06B604}"
EndProject
Project("{9A19103F-16F7-4668-BE54-9A1E7A4F7556}") = "Properties.Ms.AdapterOutRepository", "Properties.Ms.AdapterOutRepository\Properties.Ms.AdapterOutRepository.csproj", "{2C62F492-3DEE-4FE9-AD26-80D3001EE9C7}"
EndProject
Project("{9A19103F-16F7-4668-BE54-9A1E7A4F7556}") = "Properties.Ms.Encrypt", "Properties.Ms.Encrypt\Properties.Ms.Encrypt.csproj", "{985AB2F5-C627-4284-B6BE-7FF6F1C3C014}"
EndProject
Project("{2150E333-8FDC-42A3-9474-1A3956D46DE8}") = "NuGet", "NuGet", "{2FDD8749-2A4D-4DD0-B04C-874D90049ED4}"
EndProject
Project("{9A19103F-16F7-4668-BE54-9A1E7A4F7556}") = "Properties.Ms.Domain.UnitTest", "Properties.Ms.Test\Properties.Ms.Domain.UnitTest.csproj", "{6ECF05AB-B216-4C15-BB3A-5BDDB8D92790}"
EndProject
Project("{9A19103F-16F7-4668-BE54-9A1E7A4F7556}") = "Api.Gateway", "Api.Gateway\Api.Gateway.csproj", "{E2547D79-DAC7-4EDA-A1C2-19531CCD9D27}"
EndProject
Project("{2150E333-8FDC-42A3-9474-1A3956D46DE8}") = "MS.Property", "MS.Property", "{457EFAD0-89D9-4394-AA0A-10884564B3B5}"
EndProject
Project("{2150E333-8FDC-42A3-9474-1A3956D46DE8}") = "MS.Security", "MS.Security", "{7F00528D-06D8-44B9-AE86-53310E48BDCD}"
EndProject
Project("{2150E333-8FDC-42A3-9474-1A3956D46DE8}") = "ApiGateway", "ApiGateway", "{FA75A134-2F59-4C99-99BF-6441DE9ACEC3}"
EndProject
Project("{9A19103F-16F7-4668-BE54-9A1E7A4F7556}") = "Properties.Ms.Application", "Properties.Ms.Application\Properties.Ms.Application.csproj", "{4958832E-7264-470D-BE9B-4901F0C8C3CF}"
EndProject
Project("{9A19103F-16F7-4668-BE54-9A1E7A4F7556}") = "Properties.Ms.Application.UnitTest", "Properties.Ms.Application.UnitTest\Properties.Ms.Application.UnitTest.csproj", "{53FE043D-D5A7-4D43-A160-A381D2593812}"
EndProject
Project("{9A19103F-16F7-4668-BE54-9A1E7A4F7556}") = "Properties.Ms.AdapterOutRepository.UnitTest", "Properties.Ms.AdapterOutRepository.UnitTest\Properties.Ms.AdapterOutRepository.UnitTest.csproj", "{AD24E0E9-4EE7-4207-AD9B-30F906142AF4}"
EndProject
Project("{FAE04EC0-301F-11D3-BF4B-00C04F79EFBC}") = "Properties.Ms.AdapterInHttp.UnitTest", "Properties.Ms.AdapterInHttp.UnitTest\Properties.Ms.AdapterInHttp.UnitTest.csproj", "{28CA039F-EC99-47CC-B6EC-07CDFC70E3D3}"
EndProject
Project("{FAE04EC0-301F-11D3-BF4B-00C04F79EFBC}") = "Security.Ms.Api", "Security.Ms.Api\Security.Ms.Api.csproj", "{3BC1082D-C51F-4ED4-B634-05EF7B1965B8}"
EndProject
Project("{FAE04EC0-301F-11D3-BF4B-00C04F79EFBC}") = "Security.Ms.Business", "Security.Ms.Business\Security.Ms.Business.csproj", "{2A3E6549-6F66-43FF-8EDD-711AA63F8F04}"
EndProject
Project("{FAE04EC0-301F-11D3-BF4B-00C04F79EFBC}") = "Security.Ms.DataAccess", "Security.Ms.DataAccess\Security.Ms.DataAccess.csproj", "{9284B256-FCB7-4F7A-B6D5-9C1A84467D08}"
EndProject
Project("{FAE04EC0-301F-11D3-BF4B-00C04F79EFBC}") = "Security.Ms.Domain", "Security.Ms.Domain\Security.Ms.Domain.csproj", "{0A7F3623-C512-4A45-9465-A955742354C4}"
EndProject
Global
	GlobalSection(SolutionConfigurationPlatforms) = preSolution
		Debug|Any CPU = Debug|Any CPU
		Release|Any CPU = Release|Any CPU
	EndGlobalSection
	GlobalSection(ProjectConfigurationPlatforms) = postSolution
		{EE8307D4-58B9-4F9E-B4FD-6CE020FAAAF1}.Debug|Any CPU.ActiveCfg = Debug|Any CPU
		{EE8307D4-58B9-4F9E-B4FD-6CE020FAAAF1}.Debug|Any CPU.Build.0 = Debug|Any CPU
		{EE8307D4-58B9-4F9E-B4FD-6CE020FAAAF1}.Release|Any CPU.ActiveCfg = Release|Any CPU
		{EE8307D4-58B9-4F9E-B4FD-6CE020FAAAF1}.Release|Any CPU.Build.0 = Release|Any CPU
		{221A0D70-9520-4550-87C3-9D7D18BC9465}.Debug|Any CPU.ActiveCfg = Debug|Any CPU
		{221A0D70-9520-4550-87C3-9D7D18BC9465}.Debug|Any CPU.Build.0 = Debug|Any CPU
		{221A0D70-9520-4550-87C3-9D7D18BC9465}.Release|Any CPU.ActiveCfg = Release|Any CPU
		{221A0D70-9520-4550-87C3-9D7D18BC9465}.Release|Any CPU.Build.0 = Release|Any CPU
		{0D26485F-5FEE-4EA6-A5AF-0E438C06B604}.Debug|Any CPU.ActiveCfg = Debug|Any CPU
		{0D26485F-5FEE-4EA6-A5AF-0E438C06B604}.Debug|Any CPU.Build.0 = Debug|Any CPU
		{0D26485F-5FEE-4EA6-A5AF-0E438C06B604}.Release|Any CPU.ActiveCfg = Release|Any CPU
		{0D26485F-5FEE-4EA6-A5AF-0E438C06B604}.Release|Any CPU.Build.0 = Release|Any CPU
		{2C62F492-3DEE-4FE9-AD26-80D3001EE9C7}.Debug|Any CPU.ActiveCfg = Debug|Any CPU
		{2C62F492-3DEE-4FE9-AD26-80D3001EE9C7}.Debug|Any CPU.Build.0 = Debug|Any CPU
		{2C62F492-3DEE-4FE9-AD26-80D3001EE9C7}.Release|Any CPU.ActiveCfg = Release|Any CPU
		{2C62F492-3DEE-4FE9-AD26-80D3001EE9C7}.Release|Any CPU.Build.0 = Release|Any CPU
		{985AB2F5-C627-4284-B6BE-7FF6F1C3C014}.Debug|Any CPU.ActiveCfg = Debug|Any CPU
		{985AB2F5-C627-4284-B6BE-7FF6F1C3C014}.Debug|Any CPU.Build.0 = Debug|Any CPU
		{985AB2F5-C627-4284-B6BE-7FF6F1C3C014}.Release|Any CPU.ActiveCfg = Release|Any CPU
		{985AB2F5-C627-4284-B6BE-7FF6F1C3C014}.Release|Any CPU.Build.0 = Release|Any CPU
		{6ECF05AB-B216-4C15-BB3A-5BDDB8D92790}.Debug|Any CPU.ActiveCfg = Debug|Any CPU
		{6ECF05AB-B216-4C15-BB3A-5BDDB8D92790}.Debug|Any CPU.Build.0 = Debug|Any CPU
		{6ECF05AB-B216-4C15-BB3A-5BDDB8D92790}.Release|Any CPU.ActiveCfg = Release|Any CPU
		{6ECF05AB-B216-4C15-BB3A-5BDDB8D92790}.Release|Any CPU.Build.0 = Release|Any CPU
		{E2547D79-DAC7-4EDA-A1C2-19531CCD9D27}.Debug|Any CPU.ActiveCfg = Debug|Any CPU
		{E2547D79-DAC7-4EDA-A1C2-19531CCD9D27}.Debug|Any CPU.Build.0 = Debug|Any CPU
		{E2547D79-DAC7-4EDA-A1C2-19531CCD9D27}.Release|Any CPU.ActiveCfg = Release|Any CPU
		{E2547D79-DAC7-4EDA-A1C2-19531CCD9D27}.Release|Any CPU.Build.0 = Release|Any CPU
		{4958832E-7264-470D-BE9B-4901F0C8C3CF}.Debug|Any CPU.ActiveCfg = Debug|Any CPU
		{4958832E-7264-470D-BE9B-4901F0C8C3CF}.Debug|Any CPU.Build.0 = Debug|Any CPU
		{4958832E-7264-470D-BE9B-4901F0C8C3CF}.Release|Any CPU.ActiveCfg = Release|Any CPU
		{4958832E-7264-470D-BE9B-4901F0C8C3CF}.Release|Any CPU.Build.0 = Release|Any CPU
		{53FE043D-D5A7-4D43-A160-A381D2593812}.Debug|Any CPU.ActiveCfg = Debug|Any CPU
		{53FE043D-D5A7-4D43-A160-A381D2593812}.Debug|Any CPU.Build.0 = Debug|Any CPU
		{53FE043D-D5A7-4D43-A160-A381D2593812}.Release|Any CPU.ActiveCfg = Release|Any CPU
		{53FE043D-D5A7-4D43-A160-A381D2593812}.Release|Any CPU.Build.0 = Release|Any CPU
		{AD24E0E9-4EE7-4207-AD9B-30F906142AF4}.Debug|Any CPU.ActiveCfg = Debug|Any CPU
		{AD24E0E9-4EE7-4207-AD9B-30F906142AF4}.Debug|Any CPU.Build.0 = Debug|Any CPU
		{AD24E0E9-4EE7-4207-AD9B-30F906142AF4}.Release|Any CPU.ActiveCfg = Release|Any CPU
		{AD24E0E9-4EE7-4207-AD9B-30F906142AF4}.Release|Any CPU.Build.0 = Release|Any CPU
		{28CA039F-EC99-47CC-B6EC-07CDFC70E3D3}.Debug|Any CPU.ActiveCfg = Debug|Any CPU
		{28CA039F-EC99-47CC-B6EC-07CDFC70E3D3}.Debug|Any CPU.Build.0 = Debug|Any CPU
		{28CA039F-EC99-47CC-B6EC-07CDFC70E3D3}.Release|Any CPU.ActiveCfg = Release|Any CPU
		{28CA039F-EC99-47CC-B6EC-07CDFC70E3D3}.Release|Any CPU.Build.0 = Release|Any CPU
		{3BC1082D-C51F-4ED4-B634-05EF7B1965B8}.Debug|Any CPU.ActiveCfg = Debug|Any CPU
		{3BC1082D-C51F-4ED4-B634-05EF7B1965B8}.Debug|Any CPU.Build.0 = Debug|Any CPU
		{3BC1082D-C51F-4ED4-B634-05EF7B1965B8}.Release|Any CPU.ActiveCfg = Release|Any CPU
		{3BC1082D-C51F-4ED4-B634-05EF7B1965B8}.Release|Any CPU.Build.0 = Release|Any CPU
		{2A3E6549-6F66-43FF-8EDD-711AA63F8F04}.Debug|Any CPU.ActiveCfg = Debug|Any CPU
		{2A3E6549-6F66-43FF-8EDD-711AA63F8F04}.Debug|Any CPU.Build.0 = Debug|Any CPU
		{2A3E6549-6F66-43FF-8EDD-711AA63F8F04}.Release|Any CPU.ActiveCfg = Release|Any CPU
		{2A3E6549-6F66-43FF-8EDD-711AA63F8F04}.Release|Any CPU.Build.0 = Release|Any CPU
		{9284B256-FCB7-4F7A-B6D5-9C1A84467D08}.Debug|Any CPU.ActiveCfg = Debug|Any CPU
		{9284B256-FCB7-4F7A-B6D5-9C1A84467D08}.Debug|Any CPU.Build.0 = Debug|Any CPU
		{9284B256-FCB7-4F7A-B6D5-9C1A84467D08}.Release|Any CPU.ActiveCfg = Release|Any CPU
		{9284B256-FCB7-4F7A-B6D5-9C1A84467D08}.Release|Any CPU.Build.0 = Release|Any CPU
		{0A7F3623-C512-4A45-9465-A955742354C4}.Debug|Any CPU.ActiveCfg = Debug|Any CPU
		{0A7F3623-C512-4A45-9465-A955742354C4}.Debug|Any CPU.Build.0 = Debug|Any CPU
		{0A7F3623-C512-4A45-9465-A955742354C4}.Release|Any CPU.ActiveCfg = Release|Any CPU
		{0A7F3623-C512-4A45-9465-A955742354C4}.Release|Any CPU.Build.0 = Release|Any CPU
	EndGlobalSection
	GlobalSection(SolutionProperties) = preSolution
		HideSolutionNode = FALSE
	EndGlobalSection
	GlobalSection(NestedProjects) = preSolution
		{EE8307D4-58B9-4F9E-B4FD-6CE020FAAAF1} = {457EFAD0-89D9-4394-AA0A-10884564B3B5}
		{221A0D70-9520-4550-87C3-9D7D18BC9465} = {457EFAD0-89D9-4394-AA0A-10884564B3B5}
		{0D26485F-5FEE-4EA6-A5AF-0E438C06B604} = {457EFAD0-89D9-4394-AA0A-10884564B3B5}
		{2C62F492-3DEE-4FE9-AD26-80D3001EE9C7} = {457EFAD0-89D9-4394-AA0A-10884564B3B5}
		{985AB2F5-C627-4284-B6BE-7FF6F1C3C014} = {2FDD8749-2A4D-4DD0-B04C-874D90049ED4}
		{6ECF05AB-B216-4C15-BB3A-5BDDB8D92790} = {457EFAD0-89D9-4394-AA0A-10884564B3B5}
		{E2547D79-DAC7-4EDA-A1C2-19531CCD9D27} = {FA75A134-2F59-4C99-99BF-6441DE9ACEC3}
		{4958832E-7264-470D-BE9B-4901F0C8C3CF} = {457EFAD0-89D9-4394-AA0A-10884564B3B5}
		{53FE043D-D5A7-4D43-A160-A381D2593812} = {457EFAD0-89D9-4394-AA0A-10884564B3B5}
		{AD24E0E9-4EE7-4207-AD9B-30F906142AF4} = {457EFAD0-89D9-4394-AA0A-10884564B3B5}
		{28CA039F-EC99-47CC-B6EC-07CDFC70E3D3} = {457EFAD0-89D9-4394-AA0A-10884564B3B5}
		{3BC1082D-C51F-4ED4-B634-05EF7B1965B8} = {7F00528D-06D8-44B9-AE86-53310E48BDCD}
		{2A3E6549-6F66-43FF-8EDD-711AA63F8F04} = {7F00528D-06D8-44B9-AE86-53310E48BDCD}
		{9284B256-FCB7-4F7A-B6D5-9C1A84467D08} = {7F00528D-06D8-44B9-AE86-53310E48BDCD}
		{0A7F3623-C512-4A45-9465-A955742354C4} = {7F00528D-06D8-44B9-AE86-53310E48BDCD}
	EndGlobalSection
	GlobalSection(ExtensibilityGlobals) = postSolution
		SolutionGuid = {20EE4A39-DD24-4AEC-87D6-DC722AF465ED}
	EndGlobalSection
EndGlobal
