
Microsoft Visual Studio Solution File, Format Version 12.00
# Visual Studio Version 17
VisualStudioVersion = 17.5.33627.172
MinimumVisualStudioVersion = 10.0.40219.1
Project("{9A19103F-16F7-4668-BE54-9A1E7A4F7556}") = "Properties.Ms.App", "Properties.Ms.App\Properties.Ms.App.csproj", "{EE8307D4-58B9-4F9E-B4FD-6CE020FAAAF1}"
EndProject
Project("{9A19103F-16F7-4668-BE54-9A1E7A4F7556}") = "Properties.Ms.Domain", "Properties.Ms.Domain\Properties.Ms.Domain.csproj", "{221A0D70-9520-4550-87C3-9D7D18BC9465}"
EndProject
Project("{9A19103F-16F7-4668-BE54-9A1E7A4F7556}") = "Properties.Ms.AdapterInHttp", "Properties.Ms.AdapterInHttp\Properties.Ms.AdapterInHttp.csproj", "{0D26485F-5FEE-4EA6-A5AF-0E438C06B604}"
EndProject
Project("{9A19103F-16F7-4668-BE54-9A1E7A4F7556}") = "Properties.Ms.AdapterOutRepository", "Properties.Ms.AdapterOutRepository\Properties.Ms.AdapterOutRepository.csproj", "{2C62F492-3DEE-4FE9-AD26-80D3001EE9C7}"
EndProject
Project("{FAE04EC0-301F-11D3-BF4B-00C04F79EFBC}") = "Properties.Ms.Encrypt", "Properties.Ms.Encrypt\Properties.Ms.Encrypt.csproj", "{985AB2F5-C627-4284-B6BE-7FF6F1C3C014}"
EndProject
Global
	GlobalSection(SolutionConfigurationPlatforms) = preSolution
		Debug|Any CPU = Debug|Any CPU
		Release|Any CPU = Release|Any CPU
	EndGlobalSection
	GlobalSection(ProjectConfigurationPlatforms) = postSolution
		{EE8307D4-58B9-4F9E-B4FD-6CE020FAAAF1}.Debug|Any CPU.ActiveCfg = Debug|Any CPU
		{EE8307D4-58B9-4F9E-B4FD-6CE020FAAAF1}.Debug|Any CPU.Build.0 = Debug|Any CPU
		{EE8307D4-58B9-4F9E-B4FD-6CE020FAAAF1}.Release|Any CPU.ActiveCfg = Release|Any CPU
		{EE8307D4-58B9-4F9E-B4FD-6CE020FAAAF1}.Release|Any CPU.Build.0 = Release|Any CPU
		{221A0D70-9520-4550-87C3-9D7D18BC9465}.Debug|Any CPU.ActiveCfg = Debug|Any CPU
		{221A0D70-9520-4550-87C3-9D7D18BC9465}.Debug|Any CPU.Build.0 = Debug|Any CPU
		{221A0D70-9520-4550-87C3-9D7D18BC9465}.Release|Any CPU.ActiveCfg = Release|Any CPU
		{221A0D70-9520-4550-87C3-9D7D18BC9465}.Release|Any CPU.Build.0 = Release|Any CPU
		{0D26485F-5FEE-4EA6-A5AF-0E438C06B604}.Debug|Any CPU.ActiveCfg = Debug|Any CPU
		{0D26485F-5FEE-4EA6-A5AF-0E438C06B604}.Debug|Any CPU.Build.0 = Debug|Any CPU
		{0D26485F-5FEE-4EA6-A5AF-0E438C06B604}.Release|Any CPU.ActiveCfg = Release|Any CPU
		{0D26485F-5FEE-4EA6-A5AF-0E438C06B604}.Release|Any CPU.Build.0 = Release|Any CPU
		{2C62F492-3DEE-4FE9-AD26-80D3001EE9C7}.Debug|Any CPU.ActiveCfg = Debug|Any CPU
		{2C62F492-3DEE-4FE9-AD26-80D3001EE9C7}.Debug|Any CPU.Build.0 = Debug|Any CPU
		{2C62F492-3DEE-4FE9-AD26-80D3001EE9C7}.Release|Any CPU.ActiveCfg = Release|Any CPU
		{2C62F492-3DEE-4FE9-AD26-80D3001EE9C7}.Release|Any CPU.Build.0 = Release|Any CPU
		{985AB2F5-C627-4284-B6BE-7FF6F1C3C014}.Debug|Any CPU.ActiveCfg = Debug|Any CPU
		{985AB2F5-C627-4284-B6BE-7FF6F1C3C014}.Debug|Any CPU.Build.0 = Debug|Any CPU
		{985AB2F5-C627-4284-B6BE-7FF6F1C3C014}.Release|Any CPU.ActiveCfg = Release|Any CPU
		{985AB2F5-C627-4284-B6BE-7FF6F1C3C014}.Release|Any CPU.Build.0 = Release|Any CPU
	EndGlobalSection
	GlobalSection(SolutionProperties) = preSolution
		HideSolutionNode = FALSE
	EndGlobalSection
	GlobalSection(ExtensibilityGlobals) = postSolution
		SolutionGuid = {20EE4A39-DD24-4AEC-87D6-DC722AF465ED}
	EndGlobalSection
EndGlobal
